// !$*UTF8*$!
{
	archiveVersion = 1;
	classes = {
	};
	objectVersion = 56;
	objects = {

/* Begin PBXBuildFile section */
		A01234567890ABCD /* MediationAIApp.swift in Sources */ = {isa = PBXBuildFile; fileRef = A01234567890ABCC /* MediationAIApp.swift */; };
		A01234567890ABCE /* ContentView.swift in Sources */ = {isa = PBXBuildFile; fileRef = A01234567890ABCD /* ContentView.swift */; };
		A01234567890ABCF /* AppTheme.swift in Sources */ = {isa = PBXBuildFile; fileRef = A01234567890ABCE /* AppTheme.swift */; };
		A01234567890ABD0 /* User.swift in Sources */ = {isa = PBXBuildFile; fileRef = A01234567890ABCF /* User.swift */; };
		A01234567890ABD1 /* MockAuthService.swift in Sources */ = {isa = PBXBuildFile; fileRef = A01234567890ABD0 /* MockAuthService.swift */; };
		A01234567890ABD2 /* RootView.swift in Sources */ = {isa = PBXBuildFile; fileRef = A01234567890ABD1 /* RootView.swift */; };
		A01234567890ABD3 /* OnboardingView.swift in Sources */ = {isa = PBXBuildFile; fileRef = A01234567890ABD2 /* OnboardingView.swift */; };
		A01234567890ABD4 /* AuthView.swift in Sources */ = {isa = PBXBuildFile; fileRef = A01234567890ABD3 /* AuthView.swift */; };
		A01234567890ABD5 /* HomeView.swift in Sources */ = {isa = PBXBuildFile; fileRef = A01234567890ABD4 /* HomeView.swift */; };
		A01234567890ABD6 /* CreateDisputeView.swift in Sources */ = {isa = PBXBuildFile; fileRef = A01234567890ABD5 /* CreateDisputeView.swift */; };
		A01234567890ABD7 /* JoinDisputeView.swift in Sources */ = {isa = PBXBuildFile; fileRef = A01234567890ABD6 /* JoinDisputeView.swift */; };
		A01234567890ABD8 /* DisputeCardView.swift in Sources */ = {isa = PBXBuildFile; fileRef = A01234567890ABD7 /* DisputeCardView.swift */; };
		A01234567890ABD9 /* DisputeRoomView.swift in Sources */ = {isa = PBXBuildFile; fileRef = A01234567890ABD8 /* DisputeRoomView.swift */; };
		A01234567890ABDA /* TruthBubble.swift in Sources */ = {isa = PBXBuildFile; fileRef = A01234567890ABD9 /* TruthBubble.swift */; };
		A01234567890ABDB /* AttachmentPicker.swift in Sources */ = {isa = PBXBuildFile; fileRef = A01234567890ABDA /* AttachmentPicker.swift */; };
		A01234567890ABDC /* ResolutionView.swift in Sources */ = {isa = PBXBuildFile; fileRef = A01234567890ABDB /* ResolutionView.swift */; };
		A01234567890ABDD /* ShareDisputeView.swift in Sources */ = {isa = PBXBuildFile; fileRef = A01234567890ABDC /* ShareDisputeView.swift */; };
/* End PBXBuildFile section */

/* Begin PBXFileReference section */
		A01234567890ABC9 /* MediationAI.app */ = {isa = PBXFileReference; explicitFileType = wrapper.application; includeInIndex = 0; path = MediationAI.app; sourceTree = BUILT_PRODUCTS_DIR; };
		A01234567890ABCC /* MediationAIApp.swift */ = {isa = PBXFileReference; lastKnownFileType = sourcecode.swift; path = MediationAIApp.swift; sourceTree = "<group>"; };
		A01234567890ABCD /* ContentView.swift */ = {isa = PBXFileReference; lastKnownFileType = sourcecode.swift; path = contentview.swift; sourceTree = "<group>"; };
		A01234567890ABCE /* AppTheme.swift */ = {isa = PBXFileReference; lastKnownFileType = sourcecode.swift; path = apptheme.swift; sourceTree = "<group>"; };
		A01234567890ABCF /* User.swift */ = {isa = PBXFileReference; lastKnownFileType = sourcecode.swift; path = user.swift; sourceTree = "<group>"; };
		A01234567890ABD0 /* MockAuthService.swift */ = {isa = PBXFileReference; lastKnownFileType = sourcecode.swift; path = mockauthservice.swift; sourceTree = "<group>"; };
		A01234567890ABD1 /* RootView.swift */ = {isa = PBXFileReference; lastKnownFileType = sourcecode.swift; path = rootview.swift; sourceTree = "<group>"; };
		A01234567890ABD2 /* OnboardingView.swift */ = {isa = PBXFileReference; lastKnownFileType = sourcecode.swift; path = OnboardingView.swift; sourceTree = "<group>"; };
		A01234567890ABD3 /* AuthView.swift */ = {isa = PBXFileReference; lastKnownFileType = sourcecode.swift; path = authview.swift; sourceTree = "<group>"; };
		A01234567890ABD4 /* HomeView.swift */ = {isa = PBXFileReference; lastKnownFileType = sourcecode.swift; path = homeview.swift; sourceTree = "<group>"; };
		A01234567890ABD5 /* CreateDisputeView.swift */ = {isa = PBXFileReference; lastKnownFileType = sourcecode.swift; path = createdisputeview.swift; sourceTree = "<group>"; };
		A01234567890ABD6 /* JoinDisputeView.swift */ = {isa = PBXFileReference; lastKnownFileType = sourcecode.swift; path = joindisputeview.swift; sourceTree = "<group>"; };
		A01234567890ABD7 /* DisputeCardView.swift */ = {isa = PBXFileReference; lastKnownFileType = sourcecode.swift; path = disputecardview.swift; sourceTree = "<group>"; };
		A01234567890ABD8 /* DisputeRoomView.swift */ = {isa = PBXFileReference; lastKnownFileType = sourcecode.swift; path = disputeroomview.swift; sourceTree = "<group>"; };
		A01234567890ABD9 /* TruthBubble.swift */ = {isa = PBXFileReference; lastKnownFileType = sourcecode.swift; path = truthbubble.swift; sourceTree = "<group>"; };
		A01234567890ABDA /* AttachmentPicker.swift */ = {isa = PBXFileReference; lastKnownFileType = sourcecode.swift; path = attachmentpicker.swift; sourceTree = "<group>"; };
		A01234567890ABDB /* ResolutionView.swift */ = {isa = PBXFileReference; lastKnownFileType = sourcecode.swift; path = resolutionview.swift; sourceTree = "<group>"; };
		A01234567890ABDC /* ShareDisputeView.swift */ = {isa = PBXFileReference; lastKnownFileType = sourcecode.swift; path = sharedisputeview.swift; sourceTree = "<group>"; };
		A01234567890ABDE /* Info.plist */ = {isa = PBXFileReference; lastKnownFileType = text.plist.xml; path = Info.plist; sourceTree = "<group>"; };
/* End PBXFileReference section */

/* Begin PBXFrameworksBuildPhase section */
		A01234567890ABC6 /* Frameworks */ = {
			isa = PBXFrameworksBuildPhase;
			buildActionMask = 2147483647;
			files = (
			);
			runOnlyForDeploymentPostprocessing = 0;
		};
/* End PBXFrameworksBuildPhase section */

/* Begin PBXGroup section */
		A01234567890ABC0 = {
			isa = PBXGroup;
			children = (
				A01234567890ABCB /* MediationAI */,
				A01234567890ABCA /* Products */,
			);
			sourceTree = "<group>";
		};
		A01234567890ABCA /* Products */ = {
			isa = PBXGroup;
			children = (
				A01234567890ABC9 /* MediationAI.app */,
			);
			name = Products;
			sourceTree = "<group>";
		};
		A01234567890ABCB /* MediationAI */ = {
			isa = PBXGroup;
			children = (
				A01234567890ABDE /* Info.plist */,
				A01234567890ABCC /* MediationAIApp.swift */,
				A01234567890ABD1 /* RootView.swift */,
				A01234567890ABCD /* ContentView.swift */,
				A01234567890ABCE /* AppTheme.swift */,
				A01234567890ABCF /* User.swift */,
				A01234567890ABD0 /* MockAuthService.swift */,
				A01234567890ABD2 /* OnboardingView.swift */,
				A01234567890ABD3 /* AuthView.swift */,
				A01234567890ABD4 /* HomeView.swift */,
				A01234567890ABD5 /* CreateDisputeView.swift */,
				A01234567890ABD6 /* JoinDisputeView.swift */,
				A01234567890ABD7 /* DisputeCardView.swift */,
				A01234567890ABD8 /* DisputeRoomView.swift */,
				A01234567890ABD9 /* TruthBubble.swift */,
				A01234567890ABDA /* AttachmentPicker.swift */,
				A01234567890ABDB /* ResolutionView.swift */,
				A01234567890ABDC /* ShareDisputeView.swift */,
			);
			path = MediationAI;
			sourceTree = "<group>";
		};
/* End PBXGroup section */

/* Begin PBXNativeTarget section */
		A01234567890ABC8 /* MediationAI */ = {
			isa = PBXNativeTarget;
			buildConfigurationList = A01234567890ABDF /* Build configuration list for PBXNativeTarget "MediationAI" */;
			buildPhases = (
				A01234567890ABC5 /* Sources */,
				A01234567890ABC6 /* Frameworks */,
				A01234567890ABC7 /* Resources */,
			);
			buildRules = (
			);
			dependencies = (
			);
			name = MediationAI;
			productName = MediationAI;
			productReference = A01234567890ABC9 /* MediationAI.app */;
			productType = "com.apple.product-type.application";
		};
/* End PBXNativeTarget section */

/* Begin PBXProject section */
		A01234567890ABC1 /* Project object */ = {
			isa = PBXProject;
			attributes = {
				BuildIndependentTargetsInParallel = 1;
				LastSwiftUpdateCheck = 1500;
				LastUpgradeCheck = 1500;
				TargetAttributes = {
					A01234567890ABC8 = {
						CreatedOnToolsVersion = 15.0;
					};
				};
			};
			buildConfigurationList = A01234567890ABC4 /* Build configuration list for PBXProject "MediationAI" */;
			compatibilityVersion = "Xcode 14.0";
			developmentRegion = en;
			hasScannedForEncodings = 0;
			knownRegions = (
				en,
				Base,
			);
			mainGroup = A01234567890ABC0;
			productRefGroup = A01234567890ABCA /* Products */;
			projectDirPath = "";
			projectRoot = "";
			targets = (
				A01234567890ABC8 /* MediationAI */,
			);
		};
/* End PBXProject section */

/* Begin PBXResourcesBuildPhase section */
		A01234567890ABC7 /* Resources */ = {
			isa = PBXResourcesBuildPhase;
			buildActionMask = 2147483647;
			files = (
			);
			runOnlyForDeploymentPostprocessing = 0;
		};
/* End PBXResourcesBuildPhase section */

/* Begin PBXSourcesBuildPhase section */
		A01234567890ABC5 /* Sources */ = {
			isa = PBXSourcesBuildPhase;
			buildActionMask = 2147483647;
			files = (
				A01234567890ABCE /* ContentView.swift in Sources */,
				A01234567890ABCF /* AppTheme.swift in Sources */,
				A01234567890ABD0 /* User.swift in Sources */,
				A01234567890ABD1 /* MockAuthService.swift in Sources */,
				A01234567890ABD2 /* RootView.swift in Sources */,
				A01234567890ABD3 /* OnboardingView.swift in Sources */,
				A01234567890ABD4 /* AuthView.swift in Sources */,
				A01234567890ABD5 /* HomeView.swift in Sources */,
				A01234567890ABD6 /* CreateDisputeView.swift in Sources */,
				A01234567890ABD7 /* JoinDisputeView.swift in Sources */,
				A01234567890ABD8 /* DisputeCardView.swift in Sources */,
				A01234567890ABD9 /* DisputeRoomView.swift in Sources */,
				A01234567890ABDA /* TruthBubble.swift in Sources */,
				A01234567890ABDB /* AttachmentPicker.swift in Sources */,
				A01234567890ABDC /* ResolutionView.swift in Sources */,
				A01234567890ABDD /* ShareDisputeView.swift in Sources */,
				A01234567890ABCD /* MediationAIApp.swift in Sources */,
			);
			runOnlyForDeploymentPostprocessing = 0;
		};
/* End PBXSourcesBuildPhase section */

/* Begin XCBuildConfiguration section */
		A01234567890ABC2 /* Debug */ = {
			isa = XCBuildConfiguration;
			buildSettings = {
				ALWAYS_SEARCH_USER_PATHS = NO;
				ASSETCATALOG_COMPILER_GENERATE_SWIFT_ASSET_SYMBOL_EXTENSIONS = YES;
				CLANG_ANALYZER_NONNULL = YES;
				CLANG_ANALYZER_NUMBER_OBJECT_CONVERSION = YES_AGGRESSIVE;
				CLANG_CXX_LANGUAGE_STANDARD = "gnu++20";
				CLANG_ENABLE_MODULES = YES;
				CLANG_ENABLE_OBJC_ARC = YES;
				CLANG_ENABLE_OBJC_WEAK = YES;
				CLANG_WARN_BLOCK_CAPTURE_AUTORELEASING = YES;
				CLANG_WARN_BOOL_CONVERSION = YES;
				CLANG_WARN_COMMA = YES;
				CLANG_WARN_CONSTANT_CONVERSION = YES;
				CLANG_WARN_DEPRECATED_OBJC_IMPLEMENTATIONS = YES;
				CLANG_WARN_DIRECT_OBJC_ISA_USAGE = YES_ERROR;
				CLANG_WARN_DOCUMENTATION_COMMENTS = YES;
				CLANG_WARN_EMPTY_BODY = YES;
				CLANG_WARN_ENUM_CONVERSION = YES;
				CLANG_WARN_INFINITE_RECURSION = YES;
				CLANG_WARN_INT_CONVERSION = YES;
				CLANG_WARN_NON_LITERAL_NULL_CONVERSION = YES;
				CLANG_WARN_OBJC_IMPLICIT_RETAIN_SELF = YES;
				CLANG_WARN_OBJC_LITERAL_CONVERSION = YES;
				CLANG_WARN_OBJC_ROOT_CLASS = YES_ERROR;
				CLANG_WARN_QUOTED_INCLUDE_IN_FRAMEWORK_HEADER = YES;
				CLANG_WARN_RANGE_LOOP_ANALYSIS = YES;
				CLANG_WARN_STRICT_PROTOTYPES = YES;
				CLANG_WARN_SUSPICIOUS_MOVE = YES;
				CLANG_WARN_UNGUARDED_AVAILABILITY = YES_AGGRESSIVE;
				CLANG_WARN_UNREACHABLE_CODE = YES;
				CLANG_WARN__DUPLICATE_METHOD_MATCH = YES;
				COPY_PHASE_STRIP = NO;
				DEBUG_INFORMATION_FORMAT = dwarf;
				ENABLE_STRICT_OBJC_MSGSEND = YES;
				ENABLE_TESTABILITY = YES;
				ENABLE_USER_SCRIPT_SANDBOXING = YES;
				GCC_C_LANGUAGE_STANDARD = gnu17;
				GCC_DYNAMIC_NO_PIC = NO;
				GCC_NO_COMMON_BLOCKS = YES;
				GCC_OPTIMIZATION_LEVEL = 0;
				GCC_PREPROCESSOR_DEFINITIONS = (
					"DEBUG=1",
					"$(inherited)",
				);
				GCC_WARN_64_TO_32_BIT_CONVERSION = YES;
				GCC_WARN_ABOUT_RETURN_TYPE = YES_ERROR;
				GCC_WARN_UNDECLARED_SELECTOR = YES;
				GCC_WARN_UNINITIALIZED_AUTOS = YES_AGGRESSIVE;
				GCC_WARN_UNUSED_FUNCTION = YES;
				GCC_WARN_UNUSED_VARIABLE = YES;
				IPHONEOS_DEPLOYMENT_TARGET = 15.0;
				LOCALIZATION_PREFERS_STRING_CATALOGS = YES;
				MTL_ENABLE_DEBUG_INFO = INCLUDE_SOURCE;
				MTL_FAST_MATH = YES;
				ONLY_ACTIVE_ARCH = YES;
				SDKROOT = iphoneos;
				SWIFT_ACTIVE_COMPILATION_CONDITIONS = "DEBUG $(inherited)";
				SWIFT_OPTIMIZATION_LEVEL = "-Onone";
			};
			name = Debug;
		};
		A01234567890ABC3 /* Release */ = {
			isa = XCBuildConfiguration;
			buildSettings = {
				ALWAYS_SEARCH_USER_PATHS = NO;
				ASSETCATALOG_COMPILER_GENERATE_SWIFT_ASSET_SYMBOL_EXTENSIONS = YES;
				CLANG_ANALYZER_NONNULL = YES;
				CLANG_ANALYZER_NUMBER_OBJECT_CONVERSION = YES_AGGRESSIVE;
				CLANG_CXX_LANGUAGE_STANDARD = "gnu++20";
				CLANG_ENABLE_MODULES = YES;
				CLANG_ENABLE_OBJC_ARC = YES;
				CLANG_ENABLE_OBJC_WEAK = YES;
				CLANG_WARN_BLOCK_CAPTURE_AUTORELEASING = YES;
				CLANG_WARN_BOOL_CONVERSION = YES;
				CLANG_WARN_COMMA = YES;
				CLANG_WARN_CONSTANT_CONVERSION = YES;
				CLANG_WARN_DEPRECATED_OBJC_IMPLEMENTATIONS = YES;
				CLANG_WARN_DIRECT_OBJC_ISA_USAGE = YES_ERROR;
				CLANG_WARN_DOCUMENTATION_COMMENTS = YES;
				CLANG_WARN_EMPTY_BODY = YES;
				CLANG_WARN_ENUM_CONVERSION = YES;
				CLANG_WARN_INFINITE_RECURSION = YES;
				CLANG_WARN_INT_CONVERSION = YES;
				CLANG_WARN_NON_LITERAL_NULL_CONVERSION = YES;
				CLANG_WARN_OBJC_IMPLICIT_RETAIN_SELF = YES;
				CLANG_WARN_OBJC_LITERAL_CONVERSION = YES;
				CLANG_WARN_OBJC_ROOT_CLASS = YES_ERROR;
				CLANG_WARN_QUOTED_INCLUDE_IN_FRAMEWORK_HEADER = YES;
				CLANG_WARN_RANGE_LOOP_ANALYSIS = YES;
				CLANG_WARN_STRICT_PROTOTYPES = YES;
				CLANG_WARN_SUSPICIOUS_MOVE = YES;
				CLANG_WARN_UNGUARDED_AVAILABILITY = YES_AGGRESSIVE;
				CLANG_WARN_UNREACHABLE_CODE = YES;
				CLANG_WARN__DUPLICATE_METHOD_MATCH = YES;
				COPY_PHASE_STRIP = NO;
				DEBUG_INFORMATION_FORMAT = "dwarf-with-dsym";
				ENABLE_NS_ASSERTIONS = NO;
				ENABLE_STRICT_OBJC_MSGSEND = YES;
				ENABLE_USER_SCRIPT_SANDBOXING = YES;
				GCC_C_LANGUAGE_STANDARD = gnu17;
				GCC_NO_COMMON_BLOCKS = YES;
				GCC_WARN_64_TO_32_BIT_CONVERSION = YES;
				GCC_WARN_ABOUT_RETURN_TYPE = YES_ERROR;
				GCC_WARN_UNDECLARED_SELECTOR = YES;
				GCC_WARN_UNINITIALIZED_AUTOS = YES_AGGRESSIVE;
				GCC_WARN_UNUSED_FUNCTION = YES;
				GCC_WARN_UNUSED_VARIABLE = YES;
				IPHONEOS_DEPLOYMENT_TARGET = 15.0;
				LOCALIZATION_PREFERS_STRING_CATALOGS = YES;
				MTL_ENABLE_DEBUG_INFO = NO;
				MTL_FAST_MATH = YES;
				SDKROOT = iphoneos;
				SWIFT_COMPILATION_MODE = wholemodule;
				VALIDATE_PRODUCT = YES;
			};
			name = Release;
		};
		A01234567890ABE0 /* Debug */ = {
			isa = XCBuildConfiguration;
			buildSettings = {
				ASSETCATALOG_COMPILER_APPICON_NAME = AppIcon;
				ASSETCATALOG_COMPILER_GLOBAL_ACCENT_COLOR_NAME = AccentColor;
				CODE_SIGN_STYLE = Automatic;
				CURRENT_PROJECT_VERSION = 1;
				DEVELOPMENT_TEAM = "";
				ENABLE_PREVIEWS = YES;
				GENERATE_INFOPLIST_FILE = NO;
				INFOPLIST_FILE = MediationAI/Info.plist;
				INFOPLIST_KEY_UIApplicationSceneManifest_Generation = YES;
				INFOPLIST_KEY_UIApplicationSupportsIndirectInputEvents = YES;
				INFOPLIST_KEY_UILaunchScreen_Generation = YES;
				INFOPLIST_KEY_UISupportedInterfaceOrientations_iPad = "UIInterfaceOrientationPortrait UIInterfaceOrientationPortraitUpsideDown UIInterfaceOrientationLandscapeLeft UIInterfaceOrientationLandscapeRight";
				INFOPLIST_KEY_UISupportedInterfaceOrientations_iPhone = "UIInterfaceOrientationPortrait UIInterfaceOrientationLandscapeLeft UIInterfaceOrientationLandscapeRight";
				LD_RUNPATH_SEARCH_PATHS = (
					"$(inherited)",
					"@executable_path/Frameworks",
				);
				MARKETING_VERSION = 1.0;
				PRODUCT_BUNDLE_IDENTIFIER = com.mediationai.app;
				PRODUCT_NAME = "$(TARGET_NAME)";
				SWIFT_EMIT_LOC_STRINGS = YES;
				SWIFT_VERSION = 5.0;
				TARGETED_DEVICE_FAMILY = "1,2";
			};
			name = Debug;
		};
		A01234567890ABE1 /* Release */ = {
			isa = XCBuildConfiguration;
			buildSettings = {
				ASSETCATALOG_COMPILER_APPICON_NAME = AppIcon;
				ASSETCATALOG_COMPILER_GLOBAL_ACCENT_COLOR_NAME = AccentColor;
				CODE_SIGN_STYLE = Automatic;
				CURRENT_PROJECT_VERSION = 1;
				DEVELOPMENT_TEAM = "";
				ENABLE_PREVIEWS = YES;
				GENERATE_INFOPLIST_FILE = NO;
				INFOPLIST_FILE = MediationAI/Info.plist;
				INFOPLIST_KEY_UIApplicationSceneManifest_Generation = YES;
				INFOPLIST_KEY_UIApplicationSupportsIndirectInputEvents = YES;
				INFOPLIST_KEY_UILaunchScreen_Generation = YES;
				INFOPLIST_KEY_UISupportedInterfaceOrientations_iPad = "UIInterfaceOrientationPortrait UIInterfaceOrientationPortraitUpsideDown UIInterfaceOrientationLandscapeLeft UIInterfaceOrientationLandscapeRight";
				INFOPLIST_KEY_UISupportedInterfaceOrientations_iPhone = "UIInterfaceOrientationPortrait UIInterfaceOrientationLandscapeLeft UIInterfaceOrientationLandscapeRight";
				LD_RUNPATH_SEARCH_PATHS = (
					"$(inherited)",
					"@executable_path/Frameworks",
				);
				MARKETING_VERSION = 1.0;
				PRODUCT_BUNDLE_IDENTIFIER = com.mediationai.app;
				PRODUCT_NAME = "$(TARGET_NAME)";
				SWIFT_EMIT_LOC_STRINGS = YES;
				SWIFT_VERSION = 5.0;
				TARGETED_DEVICE_FAMILY = "1,2";
			};
			name = Release;
		};
/* End XCBuildConfiguration section */

/* Begin XCConfigurationList section */
		A01234567890ABC4 /* Build configuration list for PBXProject "MediationAI" */ = {
			isa = XCConfigurationList;
			buildConfigurations = (
				A01234567890ABC2 /* Debug */,
				A01234567890ABC3 /* Release */,
			);
			defaultConfigurationIsVisible = 0;
			defaultConfigurationName = Release;
		};
		A01234567890ABDF /* Build configuration list for PBXNativeTarget "MediationAI" */ = {
			isa = XCConfigurationList;
			buildConfigurations = (
				A01234567890ABE0 /* Debug */,
				A01234567890ABE1 /* Release */,
			);
			defaultConfigurationIsVisible = 0;
			defaultConfigurationName = Release;
		};
/* End XCConfigurationList section */
	};
	rootObject = A01234567890ABC1 /* Project object */;
}